
Microsoft Visual Studio Solution File, Format Version 12.00
# Visual Studio 15
VisualStudioVersion = 15.0.27428.2011
MinimumVisualStudioVersion = 10.0.40219.1
Project("{9A19103F-16F7-4668-BE54-9A1E7A4F7556}") = "Topico1.Propriedades e Acessadores", "certificacao-csharp-pt3\Topico1.Propriedades e Acessadores.csproj", "{5BC66415-1479-4612-91EA-C4901D210CA7}"
EndProject
Project("{9A19103F-16F7-4668-BE54-9A1E7A4F7556}") = "teste", "teste\teste.csproj", "{EDE93A9E-7984-4866-A40E-2DFE4F5BCA1A}"
EndProject
Project("{FAE04EC0-301F-11D3-BF4B-00C04F79EFBC}") = "Topico2.Projetar Interface", "Topico2.Projetar Interface\Topico2.Projetar Interface.csproj", "{11DB299A-8FB4-460A-AA64-4CC0B25ECD9D}"
EndProject
Project("{FAE04EC0-301F-11D3-BF4B-00C04F79EFBC}") = "Topico3.Interface Explicita", "Topico3.Interface Explicita\Topico3.Interface Explicita.csproj", "{C0F9D0D4-5A1D-49B7-8DEF-F4EEBD5AD54A}"
EndProject
Project("{FAE04EC0-301F-11D3-BF4B-00C04F79EFBC}") = "Topico4.Classe Base", "Topico4.Classe Base\Topico4.Classe Base.csproj", "{8FF0A46E-1763-4E84-A831-F6C13FCF8EEF}"
EndProject
Project("{FAE04EC0-301F-11D3-BF4B-00C04F79EFBC}") = "Topico5.Comparações", "Topico5.Comparações\Topico5.Comparações.csproj", "{033E296B-97F1-424A-8780-85DA0EFD7CD6}"
EndProject
Global
	GlobalSection(SolutionConfigurationPlatforms) = preSolution
		Debug|Any CPU = Debug|Any CPU
		Release|Any CPU = Release|Any CPU
	EndGlobalSection
	GlobalSection(ProjectConfigurationPlatforms) = postSolution
		{5BC66415-1479-4612-91EA-C4901D210CA7}.Debug|Any CPU.ActiveCfg = Debug|Any CPU
		{5BC66415-1479-4612-91EA-C4901D210CA7}.Debug|Any CPU.Build.0 = Debug|Any CPU
		{5BC66415-1479-4612-91EA-C4901D210CA7}.Release|Any CPU.ActiveCfg = Release|Any CPU
		{5BC66415-1479-4612-91EA-C4901D210CA7}.Release|Any CPU.Build.0 = Release|Any CPU
		{EDE93A9E-7984-4866-A40E-2DFE4F5BCA1A}.Debug|Any CPU.ActiveCfg = Debug|Any CPU
		{EDE93A9E-7984-4866-A40E-2DFE4F5BCA1A}.Debug|Any CPU.Build.0 = Debug|Any CPU
		{EDE93A9E-7984-4866-A40E-2DFE4F5BCA1A}.Release|Any CPU.ActiveCfg = Release|Any CPU
		{EDE93A9E-7984-4866-A40E-2DFE4F5BCA1A}.Release|Any CPU.Build.0 = Release|Any CPU
		{11DB299A-8FB4-460A-AA64-4CC0B25ECD9D}.Debug|Any CPU.ActiveCfg = Debug|Any CPU
		{11DB299A-8FB4-460A-AA64-4CC0B25ECD9D}.Debug|Any CPU.Build.0 = Debug|Any CPU
		{11DB299A-8FB4-460A-AA64-4CC0B25ECD9D}.Release|Any CPU.ActiveCfg = Release|Any CPU
		{11DB299A-8FB4-460A-AA64-4CC0B25ECD9D}.Release|Any CPU.Build.0 = Release|Any CPU
		{C0F9D0D4-5A1D-49B7-8DEF-F4EEBD5AD54A}.Debug|Any CPU.ActiveCfg = Debug|Any CPU
		{C0F9D0D4-5A1D-49B7-8DEF-F4EEBD5AD54A}.Debug|Any CPU.Build.0 = Debug|Any CPU
		{C0F9D0D4-5A1D-49B7-8DEF-F4EEBD5AD54A}.Release|Any CPU.ActiveCfg = Release|Any CPU
		{C0F9D0D4-5A1D-49B7-8DEF-F4EEBD5AD54A}.Release|Any CPU.Build.0 = Release|Any CPU
		{8FF0A46E-1763-4E84-A831-F6C13FCF8EEF}.Debug|Any CPU.ActiveCfg = Debug|Any CPU
		{8FF0A46E-1763-4E84-A831-F6C13FCF8EEF}.Debug|Any CPU.Build.0 = Debug|Any CPU
		{8FF0A46E-1763-4E84-A831-F6C13FCF8EEF}.Release|Any CPU.ActiveCfg = Release|Any CPU
		{8FF0A46E-1763-4E84-A831-F6C13FCF8EEF}.Release|Any CPU.Build.0 = Release|Any CPU
		{033E296B-97F1-424A-8780-85DA0EFD7CD6}.Debug|Any CPU.ActiveCfg = Debug|Any CPU
		{033E296B-97F1-424A-8780-85DA0EFD7CD6}.Debug|Any CPU.Build.0 = Debug|Any CPU
		{033E296B-97F1-424A-8780-85DA0EFD7CD6}.Release|Any CPU.ActiveCfg = Release|Any CPU
		{033E296B-97F1-424A-8780-85DA0EFD7CD6}.Release|Any CPU.Build.0 = Release|Any CPU
	EndGlobalSection
	GlobalSection(SolutionProperties) = preSolution
		HideSolutionNode = FALSE
	EndGlobalSection
	GlobalSection(ExtensibilityGlobals) = postSolution
		SolutionGuid = {174A83B9-E04C-4BDB-9809-C63600557D0D}
	EndGlobalSection
EndGlobal
